
Microsoft Visual Studio Solution File, Format Version 12.00
# Visual Studio Version 16
VisualStudioVersion = 16.0.31727.386
MinimumVisualStudioVersion = 10.0.40219.1
Project("{9A19103F-16F7-4668-BE54-9A1E7A4F7556}") = "1. Basic Plugin", "Guides\1. Basic Plugin\1. Basic Plugin.csproj", "{A8BAC7EE-371B-40FB-9C9C-318DE57EE77A}"
EndProject
Project("{9A19103F-16F7-4668-BE54-9A1E7A4F7556}") = "2. Command Plugin", "Guides\2. Command Plugin\2. Command Plugin.csproj", "{9CE759BC-1E07-4B41-9D11-C051F1DB5653}"
EndProject
Project("{9A19103F-16F7-4668-BE54-9A1E7A4F7556}") = "3. Furniture Interaction", "Guides\3. Furniture Interaction\3. Furniture Interaction.csproj", "{B9836212-A555-403B-9D27-75662B55A020}"
EndProject
Project("{2150E333-8FDC-42A3-9474-1A3956D46DE8}") = "Guides", "Guides", "{1A7AC672-9AE6-42E3-AA3F-380E40332711}"
EndProject
Project("{2150E333-8FDC-42A3-9474-1A3956D46DE8}") = "Plugins", "Plugins", "{1A816660-B493-405B-9EFC-3FC1F49F3207}"
EndProject
Project("{FAE04EC0-301F-11D3-BF4B-00C04F79EFBC}") = "SuperWireds", "Plugins\SuperWireds\SuperWireds.csproj", "{A2FC2343-13C2-4250-B9FA-5B5BCF6E7263}"
EndProject
Project("{FAE04EC0-301F-11D3-BF4B-00C04F79EFBC}") = "AvatarPoof", "Plugins\AvatarPoof\AvatarPoof.csproj", "{5BE1E4FF-BFAB-497F-A570-8E2879BEFEE2}"
EndProject
Global
	GlobalSection(SolutionConfigurationPlatforms) = preSolution
		Debug|Any CPU = Debug|Any CPU
		Linux|Any CPU = Linux|Any CPU
		Release|Any CPU = Release|Any CPU
	EndGlobalSection
	GlobalSection(ProjectConfigurationPlatforms) = postSolution
		{A8BAC7EE-371B-40FB-9C9C-318DE57EE77A}.Debug|Any CPU.ActiveCfg = Debug|Any CPU
		{A8BAC7EE-371B-40FB-9C9C-318DE57EE77A}.Debug|Any CPU.Build.0 = Debug|Any CPU
		{A8BAC7EE-371B-40FB-9C9C-318DE57EE77A}.Linux|Any CPU.ActiveCfg = Linux|Any CPU
		{A8BAC7EE-371B-40FB-9C9C-318DE57EE77A}.Linux|Any CPU.Build.0 = Linux|Any CPU
		{A8BAC7EE-371B-40FB-9C9C-318DE57EE77A}.Release|Any CPU.ActiveCfg = Release|Any CPU
		{A8BAC7EE-371B-40FB-9C9C-318DE57EE77A}.Release|Any CPU.Build.0 = Release|Any CPU
		{9CE759BC-1E07-4B41-9D11-C051F1DB5653}.Debug|Any CPU.ActiveCfg = Debug|Any CPU
		{9CE759BC-1E07-4B41-9D11-C051F1DB5653}.Debug|Any CPU.Build.0 = Debug|Any CPU
		{9CE759BC-1E07-4B41-9D11-C051F1DB5653}.Linux|Any CPU.ActiveCfg = Linux|Any CPU
		{9CE759BC-1E07-4B41-9D11-C051F1DB5653}.Linux|Any CPU.Build.0 = Linux|Any CPU
		{9CE759BC-1E07-4B41-9D11-C051F1DB5653}.Release|Any CPU.ActiveCfg = Release|Any CPU
		{9CE759BC-1E07-4B41-9D11-C051F1DB5653}.Release|Any CPU.Build.0 = Release|Any CPU
		{B9836212-A555-403B-9D27-75662B55A020}.Debug|Any CPU.ActiveCfg = Debug|Any CPU
		{B9836212-A555-403B-9D27-75662B55A020}.Debug|Any CPU.Build.0 = Debug|Any CPU
		{B9836212-A555-403B-9D27-75662B55A020}.Linux|Any CPU.ActiveCfg = Linux|Any CPU
		{B9836212-A555-403B-9D27-75662B55A020}.Linux|Any CPU.Build.0 = Linux|Any CPU
		{B9836212-A555-403B-9D27-75662B55A020}.Release|Any CPU.ActiveCfg = Release|Any CPU
		{B9836212-A555-403B-9D27-75662B55A020}.Release|Any CPU.Build.0 = Release|Any CPU
		{A2FC2343-13C2-4250-B9FA-5B5BCF6E7263}.Debug|Any CPU.ActiveCfg = Debug|Any CPU
		{A2FC2343-13C2-4250-B9FA-5B5BCF6E7263}.Debug|Any CPU.Build.0 = Debug|Any CPU
		{A2FC2343-13C2-4250-B9FA-5B5BCF6E7263}.Linux|Any CPU.ActiveCfg = Debug|Any CPU
		{A2FC2343-13C2-4250-B9FA-5B5BCF6E7263}.Linux|Any CPU.Build.0 = Debug|Any CPU
		{A2FC2343-13C2-4250-B9FA-5B5BCF6E7263}.Release|Any CPU.ActiveCfg = Release|Any CPU
		{A2FC2343-13C2-4250-B9FA-5B5BCF6E7263}.Release|Any CPU.Build.0 = Release|Any CPU
		{5BE1E4FF-BFAB-497F-A570-8E2879BEFEE2}.Debug|Any CPU.ActiveCfg = Debug|Any CPU
		{5BE1E4FF-BFAB-497F-A570-8E2879BEFEE2}.Debug|Any CPU.Build.0 = Debug|Any CPU
		{5BE1E4FF-BFAB-497F-A570-8E2879BEFEE2}.Linux|Any CPU.ActiveCfg = Debug|Any CPU
		{5BE1E4FF-BFAB-497F-A570-8E2879BEFEE2}.Linux|Any CPU.Build.0 = Debug|Any CPU
		{5BE1E4FF-BFAB-497F-A570-8E2879BEFEE2}.Release|Any CPU.ActiveCfg = Release|Any CPU
		{5BE1E4FF-BFAB-497F-A570-8E2879BEFEE2}.Release|Any CPU.Build.0 = Release|Any CPU
	EndGlobalSection
	GlobalSection(SolutionProperties) = preSolution
		HideSolutionNode = FALSE
	EndGlobalSection
	GlobalSection(NestedProjects) = preSolution
		{A8BAC7EE-371B-40FB-9C9C-318DE57EE77A} = {1A7AC672-9AE6-42E3-AA3F-380E40332711}
		{9CE759BC-1E07-4B41-9D11-C051F1DB5653} = {1A7AC672-9AE6-42E3-AA3F-380E40332711}
		{B9836212-A555-403B-9D27-75662B55A020} = {1A7AC672-9AE6-42E3-AA3F-380E40332711}
		{A2FC2343-13C2-4250-B9FA-5B5BCF6E7263} = {1A816660-B493-405B-9EFC-3FC1F49F3207}
		{5BE1E4FF-BFAB-497F-A570-8E2879BEFEE2} = {1A816660-B493-405B-9EFC-3FC1F49F3207}
	EndGlobalSection
	GlobalSection(ExtensibilityGlobals) = postSolution
		SolutionGuid = {3000667E-CE08-478D-A5BD-4ED8D2E1B6EF}
	EndGlobalSection
EndGlobal
